
Microsoft Visual Studio Solution File, Format Version 12.00
# Visual Studio Version 16
VisualStudioVersion = 16.0.31624.102
MinimumVisualStudioVersion = 10.0.40219.1
Project("{9A19103F-16F7-4668-BE54-9A1E7A4F7556}") = "SerialPort-GetDeviceName-for-windows", "SerialPort-GetDeviceName-for-windows.csproj", "{C9ED4295-6DE5-44CC-B2E7-3ECB2FE5AE89}"
EndProject
Project("{9A19103F-16F7-4668-BE54-9A1E7A4F7556}") = "SerialPortSelectForm", "SerialPortSelectForm\SerialPortSelectForm.csproj", "{9FFF24AD-0823-431F-B958-D40853077BE0}"
	ProjectSection(ProjectDependencies) = postProject
		{C9ED4295-6DE5-44CC-B2E7-3ECB2FE5AE89} = {C9ED4295-6DE5-44CC-B2E7-3ECB2FE5AE89}
	EndProjectSection
EndProject
Global
	GlobalSection(SolutionConfigurationPlatforms) = preSolution
		Debug|Any CPU = Debug|Any CPU
		Release|Any CPU = Release|Any CPU
	EndGlobalSection
	GlobalSection(ProjectConfigurationPlatforms) = postSolution
		{C9ED4295-6DE5-44CC-B2E7-3ECB2FE5AE89}.Debug|Any CPU.ActiveCfg = Debug|Any CPU
		{C9ED4295-6DE5-44CC-B2E7-3ECB2FE5AE89}.Debug|Any CPU.Build.0 = Debug|Any CPU
		{C9ED4295-6DE5-44CC-B2E7-3ECB2FE5AE89}.Release|Any CPU.ActiveCfg = Release|Any CPU
		{C9ED4295-6DE5-44CC-B2E7-3ECB2FE5AE89}.Release|Any CPU.Build.0 = Release|Any CPU
		{9FFF24AD-0823-431F-B958-D40853077BE0}.Debug|Any CPU.ActiveCfg = Debug|Any CPU
		{9FFF24AD-0823-431F-B958-D40853077BE0}.Debug|Any CPU.Build.0 = Debug|Any CPU
		{9FFF24AD-0823-431F-B958-D40853077BE0}.Release|Any CPU.ActiveCfg = Release|Any CPU
		{9FFF24AD-0823-431F-B958-D40853077BE0}.Release|Any CPU.Build.0 = Release|Any CPU
	EndGlobalSection
	GlobalSection(SolutionProperties) = preSolution
		HideSolutionNode = FALSE
	EndGlobalSection
	GlobalSection(ExtensibilityGlobals) = postSolution
		SolutionGuid = {0C1F124B-6559-4C3F-BD13-79FA6CFBD7D0}
	EndGlobalSection
EndGlobal
